
Microsoft Visual Studio Solution File, Format Version 12.00
# Visual Studio Version 17
VisualStudioVersion = 17.6.33815.320
MinimumVisualStudioVersion = 10.0.40219.1
Project("{FAE04EC0-301F-11D3-BF4B-00C04F79EFBC}") = "RandomNumberGenerator", "RandomNumberGenerator\RandomNumberGenerator.csproj", "{AEEA51A7-F9F5-4F1A-9C04-52467E1C9720}"
EndProject
Global
	GlobalSection(SolutionConfigurationPlatforms) = preSolution
		Debug|Any CPU = Debug|Any CPU
		Release|Any CPU = Release|Any CPU
	EndGlobalSection
	GlobalSection(ProjectConfigurationPlatforms) = postSolution
		{AEEA51A7-F9F5-4F1A-9C04-52467E1C9720}.Debug|Any CPU.ActiveCfg = Debug|Any CPU
		{AEEA51A7-F9F5-4F1A-9C04-52467E1C9720}.Debug|Any CPU.Build.0 = Debug|Any CPU
		{AEEA51A7-F9F5-4F1A-9C04-52467E1C9720}.Release|Any CPU.ActiveCfg = Release|Any CPU
		{AEEA51A7-F9F5-4F1A-9C04-52467E1C9720}.Release|Any CPU.Build.0 = Release|Any CPU
	EndGlobalSection
	GlobalSection(SolutionProperties) = preSolution
		HideSolutionNode = FALSE
	EndGlobalSection
	GlobalSection(ExtensibilityGlobals) = postSolution
		SolutionGuid = {2582F6D8-7AE3-4D5F-8912-6BF79E2EBCBE}
	EndGlobalSection
EndGlobal
